// !$*UTF8*$!
{
	archiveVersion = 1;
	classes = {
	};
	objectVersion = 50;
	objects = {

/* Begin PBXBuildFile section */
		8745465123E61019006F12CA /* ZebraWatch WatchKit App.app in Embed Watch Content */ = {isa = PBXBuildFile; fileRef = 8745465023E61019006F12CA /* ZebraWatch WatchKit App.app */; settings = {ATTRIBUTES = (RemoveHeadersOnCopy, ); }; };
		8745465723E61019006F12CA /* Interface.storyboard in Resources */ = {isa = PBXBuildFile; fileRef = 8745465523E61019006F12CA /* Interface.storyboard */; };
		8745465923E61026006F12CA /* Assets.xcassets in Resources */ = {isa = PBXBuildFile; fileRef = 8745465823E61026006F12CA /* Assets.xcassets */; };
		8745466023E61026006F12CA /* ZebraWatch WatchKit Extension.appex in Embed App Extensions */ = {isa = PBXBuildFile; fileRef = 8745465F23E61026006F12CA /* ZebraWatch WatchKit Extension.appex */; settings = {ATTRIBUTES = (RemoveHeadersOnCopy, ); }; };
		8745466523E61026006F12CA /* InterfaceController.swift in Sources */ = {isa = PBXBuildFile; fileRef = 8745466423E61026006F12CA /* InterfaceController.swift */; };
		8745466723E61026006F12CA /* ExtensionDelegate.swift in Sources */ = {isa = PBXBuildFile; fileRef = 8745466623E61026006F12CA /* ExtensionDelegate.swift */; };
		8745466923E61027006F12CA /* Assets.xcassets in Resources */ = {isa = PBXBuildFile; fileRef = 8745466823E61027006F12CA /* Assets.xcassets */; };
/* End PBXBuildFile section */

/* Begin PBXContainerItemProxy section */
		8745465223E61019006F12CA /* PBXContainerItemProxy */ = {
			isa = PBXContainerItemProxy;
			containerPortal = 8745464623E61019006F12CA /* Project object */;
			proxyType = 1;
			remoteGlobalIDString = 8745464F23E61019006F12CA;
			remoteInfo = "ZebraWatch WatchKit App";
		};
		8745466123E61026006F12CA /* PBXContainerItemProxy */ = {
			isa = PBXContainerItemProxy;
			containerPortal = 8745464623E61019006F12CA /* Project object */;
			proxyType = 1;
			remoteGlobalIDString = 8745465E23E61026006F12CA;
			remoteInfo = "ZebraWatch WatchKit Extension";
		};
/* End PBXContainerItemProxy section */

/* Begin PBXCopyFilesBuildPhase section */
		8745467023E61027006F12CA /* Embed App Extensions */ = {
			isa = PBXCopyFilesBuildPhase;
			buildActionMask = 2147483647;
			dstPath = "";
			dstSubfolderSpec = 13;
			files = (
				8745466023E61026006F12CA /* ZebraWatch WatchKit Extension.appex in Embed App Extensions */,
			);
			name = "Embed App Extensions";
			runOnlyForDeploymentPostprocessing = 0;
		};
		8745467423E61027006F12CA /* Embed Watch Content */ = {
			isa = PBXCopyFilesBuildPhase;
			buildActionMask = 2147483647;
			dstPath = "$(CONTENTS_FOLDER_PATH)/Watch";
			dstSubfolderSpec = 16;
			files = (
				8745465123E61019006F12CA /* ZebraWatch WatchKit App.app in Embed Watch Content */,
			);
			name = "Embed Watch Content";
			runOnlyForDeploymentPostprocessing = 0;
		};
/* End PBXCopyFilesBuildPhase section */

/* Begin PBXFileReference section */
		8745464C23E61019006F12CA /* ZebraWatch.app */ = {isa = PBXFileReference; explicitFileType = wrapper.application; includeInIndex = 0; path = ZebraWatch.app; sourceTree = BUILT_PRODUCTS_DIR; };
		8745465023E61019006F12CA /* ZebraWatch WatchKit App.app */ = {isa = PBXFileReference; explicitFileType = wrapper.application; includeInIndex = 0; path = "ZebraWatch WatchKit App.app"; sourceTree = BUILT_PRODUCTS_DIR; };
		8745465623E61019006F12CA /* Base */ = {isa = PBXFileReference; lastKnownFileType = file.storyboard; name = Base; path = Base.lproj/Interface.storyboard; sourceTree = "<group>"; };
		8745465823E61026006F12CA /* Assets.xcassets */ = {isa = PBXFileReference; lastKnownFileType = folder.assetcatalog; path = Assets.xcassets; sourceTree = "<group>"; };
		8745465A23E61026006F12CA /* Info.plist */ = {isa = PBXFileReference; lastKnownFileType = text.plist.xml; path = Info.plist; sourceTree = "<group>"; };
		8745465F23E61026006F12CA /* ZebraWatch WatchKit Extension.appex */ = {isa = PBXFileReference; explicitFileType = "wrapper.app-extension"; includeInIndex = 0; path = "ZebraWatch WatchKit Extension.appex"; sourceTree = BUILT_PRODUCTS_DIR; };
		8745466423E61026006F12CA /* InterfaceController.swift */ = {isa = PBXFileReference; lastKnownFileType = sourcecode.swift; path = InterfaceController.swift; sourceTree = "<group>"; };
		8745466623E61026006F12CA /* ExtensionDelegate.swift */ = {isa = PBXFileReference; lastKnownFileType = sourcecode.swift; path = ExtensionDelegate.swift; sourceTree = "<group>"; };
		8745466823E61027006F12CA /* Assets.xcassets */ = {isa = PBXFileReference; lastKnownFileType = folder.assetcatalog; path = Assets.xcassets; sourceTree = "<group>"; };
		8745466A23E61027006F12CA /* Info.plist */ = {isa = PBXFileReference; lastKnownFileType = text.plist.xml; path = Info.plist; sourceTree = "<group>"; };
/* End PBXFileReference section */

/* Begin PBXFrameworksBuildPhase section */
		8745465C23E61026006F12CA /* Frameworks */ = {
			isa = PBXFrameworksBuildPhase;
			buildActionMask = 2147483647;
			files = (
			);
			runOnlyForDeploymentPostprocessing = 0;
		};
/* End PBXFrameworksBuildPhase section */

/* Begin PBXGroup section */
		8745464523E61019006F12CA = {
			isa = PBXGroup;
			children = (
				8745465423E61019006F12CA /* ZebraWatch WatchKit App */,
				8745466323E61026006F12CA /* ZebraWatch WatchKit Extension */,
				8745464D23E61019006F12CA /* Products */,
			);
			sourceTree = "<group>";
		};
		8745464D23E61019006F12CA /* Products */ = {
			isa = PBXGroup;
			children = (
				8745464C23E61019006F12CA /* ZebraWatch.app */,
				8745465023E61019006F12CA /* ZebraWatch WatchKit App.app */,
				8745465F23E61026006F12CA /* ZebraWatch WatchKit Extension.appex */,
			);
			name = Products;
			sourceTree = "<group>";
		};
		8745465423E61019006F12CA /* ZebraWatch WatchKit App */ = {
			isa = PBXGroup;
			children = (
				8745465523E61019006F12CA /* Interface.storyboard */,
				8745465823E61026006F12CA /* Assets.xcassets */,
				8745465A23E61026006F12CA /* Info.plist */,
			);
			path = "ZebraWatch WatchKit App";
			sourceTree = "<group>";
		};
		8745466323E61026006F12CA /* ZebraWatch WatchKit Extension */ = {
			isa = PBXGroup;
			children = (
				8745466423E61026006F12CA /* InterfaceController.swift */,
				8745466623E61026006F12CA /* ExtensionDelegate.swift */,
				8745466823E61027006F12CA /* Assets.xcassets */,
				8745466A23E61027006F12CA /* Info.plist */,
			);
			path = "ZebraWatch WatchKit Extension";
			sourceTree = "<group>";
		};
/* End PBXGroup section */

/* Begin PBXNativeTarget section */
		8745464B23E61019006F12CA /* ZebraWatch */ = {
			isa = PBXNativeTarget;
			buildConfigurationList = 8745467523E61027006F12CA /* Build configuration list for PBXNativeTarget "ZebraWatch" */;
			buildPhases = (
				8745464A23E61019006F12CA /* Resources */,
				8745467423E61027006F12CA /* Embed Watch Content */,
			);
			buildRules = (
			);
			dependencies = (
				8745465323E61019006F12CA /* PBXTargetDependency */,
			);
			name = ZebraWatch;
			productName = ZebraWatch;
			productReference = 8745464C23E61019006F12CA /* ZebraWatch.app */;
			productType = "com.apple.product-type.application.watchapp2-container";
		};
		8745464F23E61019006F12CA /* ZebraWatch WatchKit App */ = {
			isa = PBXNativeTarget;
			buildConfigurationList = 8745467123E61027006F12CA /* Build configuration list for PBXNativeTarget "ZebraWatch WatchKit App" */;
			buildPhases = (
				8745464E23E61019006F12CA /* Resources */,
				8745467023E61027006F12CA /* Embed App Extensions */,
			);
			buildRules = (
			);
			dependencies = (
				8745466223E61026006F12CA /* PBXTargetDependency */,
			);
			name = "ZebraWatch WatchKit App";
			productName = "ZebraWatch WatchKit App";
			productReference = 8745465023E61019006F12CA /* ZebraWatch WatchKit App.app */;
			productType = "com.apple.product-type.application.watchapp2";
		};
		8745465E23E61026006F12CA /* ZebraWatch WatchKit Extension */ = {
			isa = PBXNativeTarget;
			buildConfigurationList = 8745466D23E61027006F12CA /* Build configuration list for PBXNativeTarget "ZebraWatch WatchKit Extension" */;
			buildPhases = (
				8745465B23E61026006F12CA /* Sources */,
				8745465C23E61026006F12CA /* Frameworks */,
				8745465D23E61026006F12CA /* Resources */,
			);
			buildRules = (
			);
			dependencies = (
			);
			name = "ZebraWatch WatchKit Extension";
			productName = "ZebraWatch WatchKit Extension";
			productReference = 8745465F23E61026006F12CA /* ZebraWatch WatchKit Extension.appex */;
			productType = "com.apple.product-type.watchkit2-extension";
		};
/* End PBXNativeTarget section */

/* Begin PBXProject section */
		8745464623E61019006F12CA /* Project object */ = {
			isa = PBXProject;
			attributes = {
				LastSwiftUpdateCheck = 1130;
				LastUpgradeCheck = 1130;
				ORGANIZATIONNAME = "Vladyslava Diachenko";
				TargetAttributes = {
					8745464B23E61019006F12CA = {
						CreatedOnToolsVersion = 11.3.1;
					};
					8745464F23E61019006F12CA = {
						CreatedOnToolsVersion = 11.3.1;
					};
					8745465E23E61026006F12CA = {
						CreatedOnToolsVersion = 11.3.1;
					};
				};
			};
			buildConfigurationList = 8745464923E61019006F12CA /* Build configuration list for PBXProject "ZebraWatch" */;
			compatibilityVersion = "Xcode 9.3";
			developmentRegion = en;
			hasScannedForEncodings = 0;
			knownRegions = (
				en,
				Base,
			);
			mainGroup = 8745464523E61019006F12CA;
			productRefGroup = 8745464D23E61019006F12CA /* Products */;
			projectDirPath = "";
			projectRoot = "";
			targets = (
				8745464B23E61019006F12CA /* ZebraWatch */,
				8745464F23E61019006F12CA /* ZebraWatch WatchKit App */,
				8745465E23E61026006F12CA /* ZebraWatch WatchKit Extension */,
			);
		};
/* End PBXProject section */

/* Begin PBXResourcesBuildPhase section */
		8745464A23E61019006F12CA /* Resources */ = {
			isa = PBXResourcesBuildPhase;
			buildActionMask = 2147483647;
			files = (
			);
			runOnlyForDeploymentPostprocessing = 0;
		};
		8745464E23E61019006F12CA /* Resources */ = {
			isa = PBXResourcesBuildPhase;
			buildActionMask = 2147483647;
			files = (
				8745465923E61026006F12CA /* Assets.xcassets in Resources */,
				8745465723E61019006F12CA /* Interface.storyboard in Resources */,
			);
			runOnlyForDeploymentPostprocessing = 0;
		};
		8745465D23E61026006F12CA /* Resources */ = {
			isa = PBXResourcesBuildPhase;
			buildActionMask = 2147483647;
			files = (
				8745466923E61027006F12CA /* Assets.xcassets in Resources */,
			);
			runOnlyForDeploymentPostprocessing = 0;
		};
/* End PBXResourcesBuildPhase section */

/* Begin PBXSourcesBuildPhase section */
		8745465B23E61026006F12CA /* Sources */ = {
			isa = PBXSourcesBuildPhase;
			buildActionMask = 2147483647;
			files = (
				8745466723E61026006F12CA /* ExtensionDelegate.swift in Sources */,
				8745466523E61026006F12CA /* InterfaceController.swift in Sources */,
			);
			runOnlyForDeploymentPostprocessing = 0;
		};
/* End PBXSourcesBuildPhase section */

/* Begin PBXTargetDependency section */
		8745465323E61019006F12CA /* PBXTargetDependency */ = {
			isa = PBXTargetDependency;
			target = 8745464F23E61019006F12CA /* ZebraWatch WatchKit App */;
			targetProxy = 8745465223E61019006F12CA /* PBXContainerItemProxy */;
		};
		8745466223E61026006F12CA /* PBXTargetDependency */ = {
			isa = PBXTargetDependency;
			target = 8745465E23E61026006F12CA /* ZebraWatch WatchKit Extension */;
			targetProxy = 8745466123E61026006F12CA /* PBXContainerItemProxy */;
		};
/* End PBXTargetDependency section */

/* Begin PBXVariantGroup section */
		8745465523E61019006F12CA /* Interface.storyboard */ = {
			isa = PBXVariantGroup;
			children = (
				8745465623E61019006F12CA /* Base */,
			);
			name = Interface.storyboard;
			sourceTree = "<group>";
		};
/* End PBXVariantGroup section */

/* Begin XCBuildConfiguration section */
		8745466B23E61027006F12CA /* Debug */ = {
			isa = XCBuildConfiguration;
			buildSettings = {
				ALWAYS_SEARCH_USER_PATHS = NO;
				CLANG_ANALYZER_NONNULL = YES;
				CLANG_ANALYZER_NUMBER_OBJECT_CONVERSION = YES_AGGRESSIVE;
				CLANG_CXX_LANGUAGE_STANDARD = "gnu++14";
				CLANG_CXX_LIBRARY = "libc++";
				CLANG_ENABLE_MODULES = YES;
				CLANG_ENABLE_OBJC_ARC = YES;
				CLANG_ENABLE_OBJC_WEAK = YES;
				CLANG_WARN_BLOCK_CAPTURE_AUTORELEASING = YES;
				CLANG_WARN_BOOL_CONVERSION = YES;
				CLANG_WARN_COMMA = YES;
				CLANG_WARN_CONSTANT_CONVERSION = YES;
				CLANG_WARN_DEPRECATED_OBJC_IMPLEMENTATIONS = YES;
				CLANG_WARN_DIRECT_OBJC_ISA_USAGE = YES_ERROR;
				CLANG_WARN_DOCUMENTATION_COMMENTS = YES;
				CLANG_WARN_EMPTY_BODY = YES;
				CLANG_WARN_ENUM_CONVERSION = YES;
				CLANG_WARN_INFINITE_RECURSION = YES;
				CLANG_WARN_INT_CONVERSION = YES;
				CLANG_WARN_NON_LITERAL_NULL_CONVERSION = YES;
				CLANG_WARN_OBJC_IMPLICIT_RETAIN_SELF = YES;
				CLANG_WARN_OBJC_LITERAL_CONVERSION = YES;
				CLANG_WARN_OBJC_ROOT_CLASS = YES_ERROR;
				CLANG_WARN_RANGE_LOOP_ANALYSIS = YES;
				CLANG_WARN_STRICT_PROTOTYPES = YES;
				CLANG_WARN_SUSPICIOUS_MOVE = YES;
				CLANG_WARN_UNGUARDED_AVAILABILITY = YES_AGGRESSIVE;
				CLANG_WARN_UNREACHABLE_CODE = YES;
				CLANG_WARN__DUPLICATE_METHOD_MATCH = YES;
				COPY_PHASE_STRIP = NO;
				DEBUG_INFORMATION_FORMAT = dwarf;
				ENABLE_STRICT_OBJC_MSGSEND = YES;
				ENABLE_TESTABILITY = YES;
				GCC_C_LANGUAGE_STANDARD = gnu11;
				GCC_DYNAMIC_NO_PIC = NO;
				GCC_NO_COMMON_BLOCKS = YES;
				GCC_OPTIMIZATION_LEVEL = 0;
				GCC_PREPROCESSOR_DEFINITIONS = (
					"DEBUG=1",
					"$(inherited)",
				);
				GCC_WARN_64_TO_32_BIT_CONVERSION = YES;
				GCC_WARN_ABOUT_RETURN_TYPE = YES_ERROR;
				GCC_WARN_UNDECLARED_SELECTOR = YES;
				GCC_WARN_UNINITIALIZED_AUTOS = YES_AGGRESSIVE;
				GCC_WARN_UNUSED_FUNCTION = YES;
				GCC_WARN_UNUSED_VARIABLE = YES;
				MTL_ENABLE_DEBUG_INFO = INCLUDE_SOURCE;
				MTL_FAST_MATH = YES;
				ONLY_ACTIVE_ARCH = YES;
				SDKROOT = iphoneos;
				SWIFT_ACTIVE_COMPILATION_CONDITIONS = DEBUG;
				SWIFT_OPTIMIZATION_LEVEL = "-Onone";
			};
			name = Debug;
		};
		8745466C23E61027006F12CA /* Release */ = {
			isa = XCBuildConfiguration;
			buildSettings = {
				ALWAYS_SEARCH_USER_PATHS = NO;
				CLANG_ANALYZER_NONNULL = YES;
				CLANG_ANALYZER_NUMBER_OBJECT_CONVERSION = YES_AGGRESSIVE;
				CLANG_CXX_LANGUAGE_STANDARD = "gnu++14";
				CLANG_CXX_LIBRARY = "libc++";
				CLANG_ENABLE_MODULES = YES;
				CLANG_ENABLE_OBJC_ARC = YES;
				CLANG_ENABLE_OBJC_WEAK = YES;
				CLANG_WARN_BLOCK_CAPTURE_AUTORELEASING = YES;
				CLANG_WARN_BOOL_CONVERSION = YES;
				CLANG_WARN_COMMA = YES;
				CLANG_WARN_CONSTANT_CONVERSION = YES;
				CLANG_WARN_DEPRECATED_OBJC_IMPLEMENTATIONS = YES;
				CLANG_WARN_DIRECT_OBJC_ISA_USAGE = YES_ERROR;
				CLANG_WARN_DOCUMENTATION_COMMENTS = YES;
				CLANG_WARN_EMPTY_BODY = YES;
				CLANG_WARN_ENUM_CONVERSION = YES;
				CLANG_WARN_INFINITE_RECURSION = YES;
				CLANG_WARN_INT_CONVERSION = YES;
				CLANG_WARN_NON_LITERAL_NULL_CONVERSION = YES;
				CLANG_WARN_OBJC_IMPLICIT_RETAIN_SELF = YES;
				CLANG_WARN_OBJC_LITERAL_CONVERSION = YES;
				CLANG_WARN_OBJC_ROOT_CLASS = YES_ERROR;
				CLANG_WARN_RANGE_LOOP_ANALYSIS = YES;
				CLANG_WARN_STRICT_PROTOTYPES = YES;
				CLANG_WARN_SUSPICIOUS_MOVE = YES;
				CLANG_WARN_UNGUARDED_AVAILABILITY = YES_AGGRESSIVE;
				CLANG_WARN_UNREACHABLE_CODE = YES;
				CLANG_WARN__DUPLICATE_METHOD_MATCH = YES;
				COPY_PHASE_STRIP = NO;
				DEBUG_INFORMATION_FORMAT = "dwarf-with-dsym";
				ENABLE_NS_ASSERTIONS = NO;
				ENABLE_STRICT_OBJC_MSGSEND = YES;
				GCC_C_LANGUAGE_STANDARD = gnu11;
				GCC_NO_COMMON_BLOCKS = YES;
				GCC_WARN_64_TO_32_BIT_CONVERSION = YES;
				GCC_WARN_ABOUT_RETURN_TYPE = YES_ERROR;
				GCC_WARN_UNDECLARED_SELECTOR = YES;
				GCC_WARN_UNINITIALIZED_AUTOS = YES_AGGRESSIVE;
				GCC_WARN_UNUSED_FUNCTION = YES;
				GCC_WARN_UNUSED_VARIABLE = YES;
				MTL_ENABLE_DEBUG_INFO = NO;
				MTL_FAST_MATH = YES;
				SDKROOT = iphoneos;
				SWIFT_COMPILATION_MODE = wholemodule;
				SWIFT_OPTIMIZATION_LEVEL = "-O";
				VALIDATE_PRODUCT = YES;
			};
			name = Release;
		};
		8745466E23E61027006F12CA /* Debug */ = {
			isa = XCBuildConfiguration;
			buildSettings = {
				ASSETCATALOG_COMPILER_COMPLICATION_NAME = Complication;
				CODE_SIGN_STYLE = Automatic;
				DEVELOPMENT_TEAM = 7WK69DHMYC;
				INFOPLIST_FILE = "ZebraWatch WatchKit Extension/Info.plist";
				LD_RUNPATH_SEARCH_PATHS = (
					"$(inherited)",
					"@executable_path/Frameworks",
					"@executable_path/../../Frameworks",
				);
				PRODUCT_BUNDLE_IDENTIFIER = CSC490.ZebraWatch.watchkitapp.watchkitextension;
				PRODUCT_NAME = "${TARGET_NAME}";
				SDKROOT = watchos;
				SKIP_INSTALL = YES;
				SWIFT_VERSION = 5.0;
				TARGETED_DEVICE_FAMILY = 4;
				WATCHOS_DEPLOYMENT_TARGET = 6.1;
			};
			name = Debug;
		};
		8745466F23E61027006F12CA /* Release */ = {
			isa = XCBuildConfiguration;
			buildSettings = {
				ASSETCATALOG_COMPILER_COMPLICATION_NAME = Complication;
				CODE_SIGN_STYLE = Automatic;
				DEVELOPMENT_TEAM = 7WK69DHMYC;
				INFOPLIST_FILE = "ZebraWatch WatchKit Extension/Info.plist";
				LD_RUNPATH_SEARCH_PATHS = (
					"$(inherited)",
					"@executable_path/Frameworks",
					"@executable_path/../../Frameworks",
				);
				PRODUCT_BUNDLE_IDENTIFIER = CSC490.ZebraWatch.watchkitapp.watchkitextension;
				PRODUCT_NAME = "${TARGET_NAME}";
				SDKROOT = watchos;
				SKIP_INSTALL = YES;
				SWIFT_VERSION = 5.0;
				TARGETED_DEVICE_FAMILY = 4;
				WATCHOS_DEPLOYMENT_TARGET = 6.1;
			};
			name = Release;
		};
		8745467223E61027006F12CA /* Debug */ = {
			isa = XCBuildConfiguration;
			buildSettings = {
				ALWAYS_EMBED_SWIFT_STANDARD_LIBRARIES = YES;
				ASSETCATALOG_COMPILER_APPICON_NAME = AppIcon;
				CODE_SIGN_STYLE = Automatic;
				DEVELOPMENT_TEAM = 7WK69DHMYC;
				IBSC_MODULE = ZebraWatch_WatchKit_Extension;
				INFOPLIST_FILE = "ZebraWatch WatchKit App/Info.plist";
				PRODUCT_BUNDLE_IDENTIFIER = CSC490.ZebraWatch.watchkitapp;
				PRODUCT_NAME = "$(TARGET_NAME)";
				SDKROOT = watchos;
				SKIP_INSTALL = YES;
				SWIFT_VERSION = 5.0;
				TARGETED_DEVICE_FAMILY = 4;
				WATCHOS_DEPLOYMENT_TARGET = 6.1;
			};
			name = Debug;
		};
		8745467323E61027006F12CA /* Release */ = {
			isa = XCBuildConfiguration;
			buildSettings = {
				ALWAYS_EMBED_SWIFT_STANDARD_LIBRARIES = YES;
				ASSETCATALOG_COMPILER_APPICON_NAME = AppIcon;
				CODE_SIGN_STYLE = Automatic;
				DEVELOPMENT_TEAM = 7WK69DHMYC;
				IBSC_MODULE = ZebraWatch_WatchKit_Extension;
				INFOPLIST_FILE = "ZebraWatch WatchKit App/Info.plist";
				PRODUCT_BUNDLE_IDENTIFIER = CSC490.ZebraWatch.watchkitapp;
				PRODUCT_NAME = "$(TARGET_NAME)";
				SDKROOT = watchos;
				SKIP_INSTALL = YES;
				SWIFT_VERSION = 5.0;
				TARGETED_DEVICE_FAMILY = 4;
				WATCHOS_DEPLOYMENT_TARGET = 6.1;
			};
			name = Release;
		};
		8745467623E61027006F12CA /* Debug */ = {
			isa = XCBuildConfiguration;
			buildSettings = {
				CODE_SIGN_STYLE = Automatic;
				CURRENT_PROJECT_VERSION = 1;
				DEVELOPMENT_TEAM = 7WK69DHMYC;
				MARKETING_VERSION = 1.0;
				PRODUCT_BUNDLE_IDENTIFIER = CSC490.ZebraWatch;
				PRODUCT_NAME = "$(TARGET_NAME)";
				SWIFT_VERSION = 5.0;
			};
			name = Debug;
		};
		8745467723E61027006F12CA /* Release */ = {
			isa = XCBuildConfiguration;
			buildSettings = {
				CODE_SIGN_STYLE = Automatic;
				CURRENT_PROJECT_VERSION = 1;
				DEVELOPMENT_TEAM = 7WK69DHMYC;
				MARKETING_VERSION = 1.0;
				PRODUCT_BUNDLE_IDENTIFIER = CSC490.ZebraWatch;
				PRODUCT_NAME = "$(TARGET_NAME)";
				SWIFT_VERSION = 5.0;
			};
			name = Release;
		};
/* End XCBuildConfiguration section */

/* Begin XCConfigurationList section */
		8745464923E61019006F12CA /* Build configuration list for PBXProject "ZebraWatch" */ = {
			isa = XCConfigurationList;
			buildConfigurations = (
				8745466B23E61027006F12CA /* Debug */,
				8745466C23E61027006F12CA /* Release */,
			);
			defaultConfigurationIsVisible = 0;
			defaultConfigurationName = Release;
		};
		8745466D23E61027006F12CA /* Build configuration list for PBXNativeTarget "ZebraWatch WatchKit Extension" */ = {
			isa = XCConfigurationList;
			buildConfigurations = (
				8745466E23E61027006F12CA /* Debug */,
				8745466F23E61027006F12CA /* Release */,
			);
			defaultConfigurationIsVisible = 0;
			defaultConfigurationName = Release;
		};
		8745467123E61027006F12CA /* Build configuration list for PBXNativeTarget "ZebraWatch WatchKit App" */ = {
			isa = XCConfigurationList;
			buildConfigurations = (
				8745467223E61027006F12CA /* Debug */,
				8745467323E61027006F12CA /* Release */,
			);
			defaultConfigurationIsVisible = 0;
			defaultConfigurationName = Release;
		};
		8745467523E61027006F12CA /* Build configuration list for PBXNativeTarget "ZebraWatch" */ = {
			isa = XCConfigurationList;
			buildConfigurations = (
				8745467623E61027006F12CA /* Debug */,
				8745467723E61027006F12CA /* Release */,
			);
			defaultConfigurationIsVisible = 0;
			defaultConfigurationName = Release;
		};
/* End XCConfigurationList section */
	};
	rootObject = 8745464623E61019006F12CA /* Project object */;
}
